[[package]]
name = "attrs"
version = "22.1.0"
description = "Classes Without Boilerplate"
category = "main"
optional = false
python-versions = ">=3.5"

[package.extras]
dev = ["cloudpickle", "coverage[toml] (>=5.0.2)", "furo", "hypothesis", "mypy (>=0.900,!=0.940)", "pre-commit", "pympler", "pytest (>=4.3.0)", "pytest-mypy-plugins", "sphinx", "sphinx-notfound-page", "zope.interface"]
docs = ["furo", "sphinx", "sphinx-notfound-page", "zope.interface"]
tests = ["cloudpickle", "coverage[toml] (>=5.0.2)", "hypothesis", "mypy (>=0.900,!=0.940)", "pympler", "pytest (>=4.3.0)", "pytest-mypy-plugins", "zope.interface"]
tests-no-zope = ["cloudpickle", "coverage[toml] (>=5.0.2)", "hypothesis", "mypy (>=0.900,!=0.940)", "pympler", "pytest (>=4.3.0)", "pytest-mypy-plugins"]

[[package]]
name = "aws-cdk-asset-awscli-v1"
version = "2.2.16"
description = "A library that contains the AWS CLI for use in Lambda Layers"
category = "main"
optional = false
python-versions = "~=3.7"

[package.dependencies]
jsii = ">=1.71.0,<2.0.0"
publication = ">=0.0.3"
typeguard = ">=2.13.3,<2.14.0"

[[package]]
name = "aws-cdk-asset-kubectl-v20"
version = "2.1.1"
description = "A library that contains kubectl for use in Lambda Layers"
category = "main"
optional = false
python-versions = "~=3.7"

[package.dependencies]
jsii = ">=1.70.0,<2.0.0"
publication = ">=0.0.3"
typeguard = ">=2.13.3,<2.14.0"

[[package]]
name = "aws-cdk-asset-node-proxy-agent-v5"
version = "2.0.21"
description = "@aws-cdk/asset-node-proxy-agent-v5"
category = "main"
optional = false
python-versions = "~=3.7"

[package.dependencies]
jsii = ">=1.71.0,<2.0.0"
publication = ">=0.0.3"
typeguard = ">=2.13.3,<2.14.0"

[[package]]
name = "aws-cdk-aws-apprunner-alpha"
version = "2.51.1a0"
description = "The CDK Construct Library for AWS::AppRunner"
category = "main"
optional = false
python-versions = "~=3.7"

[package.dependencies]
aws-cdk-lib = ">=2.51.1,<3.0.0"
constructs = ">=10.0.0,<11.0.0"
jsii = ">=1.71.0,<2.0.0"
publication = ">=0.0.3"
typeguard = ">=2.13.3,<2.14.0"

[[package]]
name = "aws-cdk-lib"
version = "2.51.1"
description = "Version 2 of the AWS Cloud Development Kit library"
category = "main"
optional = false
python-versions = "~=3.7"

[package.dependencies]
"aws-cdk.asset-awscli-v1" = ">=2.2.9,<3.0.0"
"aws-cdk.asset-kubectl-v20" = ">=2.1.1,<3.0.0"
"aws-cdk.asset-node-proxy-agent-v5" = ">=2.0.15,<3.0.0"
constructs = ">=10.0.0,<11.0.0"
jsii = ">=1.71.0,<2.0.0"
publication = ">=0.0.3"
typeguard = ">=2.13.3,<2.14.0"

[[package]]
name = "cattrs"
version = "22.2.0"
description = "Composable complex class support for attrs and dataclasses."
category = "main"
optional = false
python-versions = ">=3.7"

[package.dependencies]
attrs = ">=20"
exceptiongroup = {version = "*", markers = "python_version < \"3.11\""}

[[package]]
name = "constructs"
version = "10.1.168"
description = "A programming model for software-defined state"
category = "main"
optional = false
python-versions = "~=3.7"

[package.dependencies]
jsii = ">=1.71.0,<2.0.0"
publication = ">=0.0.3"
typeguard = ">=2.13.3,<2.14.0"

[[package]]
name = "exceptiongroup"
version = "1.0.4"
description = "Backport of PEP 654 (exception groups)"
category = "main"
optional = false
python-versions = ">=3.7"

[package.extras]
test = ["pytest (>=6)"]

[[package]]
name = "jsii"
version = "1.71.0"
description = "Python client for jsii runtime"
category = "main"
optional = false
python-versions = "~=3.7"

[package.dependencies]
attrs = ">=21.2,<23.0"
cattrs = ">=1.8,<22.3"
publication = ">=0.0.3"
python-dateutil = "*"
typeguard = ">=2.13.3,<2.14.0"
typing-extensions = ">=3.7,<5.0"

[[package]]
name = "publication"
version = "0.0.3"
description = "Publication helps you maintain public-api-friendly modules by preventing unintentional access to private implementation details via introspection."
category = "main"
optional = false
python-versions = "*"

[[package]]
name = "python-dateutil"
version = "2.8.2"
description = "Extensions to the standard Python datetime module"
category = "main"
optional = false
python-versions = "!=3.0.*,!=3.1.*,!=3.2.*,>=2.7"

[package.dependencies]
six = ">=1.5"

[[package]]
name = "six"
version = "1.16.0"
description = "Python 2 and 3 compatibility utilities"
category = "main"
optional = false
python-versions = ">=2.7, !=3.0.*, !=3.1.*, !=3.2.*"

[[package]]
name = "typeguard"
version = "2.13.3"
description = "Run-time type checker for Python"
category = "main"
optional = false
python-versions = ">=3.5.3"

[package.extras]
doc = ["sphinx-autodoc-typehints (>=1.2.0)", "sphinx-rtd-theme"]
test = ["mypy", "pytest", "typing-extensions"]

[[package]]
name = "typing-extensions"
version = "4.4.0"
description = "Backported and Experimental Type Hints for Python 3.7+"
category = "main"
optional = false
python-versions = ">=3.7"

[metadata]
lock-version = "1.1"
python-versions = "^3.8"
content-hash = "b778e145ae05e2784ddefee9644fedbf6f01a7536163809703d8ef3ec9bc7d20"

[metadata.files]
attrs = [
    {file = "attrs-22.1.0-py2.py3-none-any.whl", hash = "sha256:86efa402f67bf2df34f51a335487cf46b1ec130d02b8d39fd248abfd30da551c"},
    {file = "attrs-22.1.0.tar.gz", hash = "sha256:29adc2665447e5191d0e7c568fde78b21f9672d344281d0c6e1ab085429b22b6"},
]
aws-cdk-asset-awscli-v1 = [
    {file = "aws-cdk.asset-awscli-v1-2.2.16.tar.gz", hash = "sha256:a843b0bfe2bd430c347cbb4e930910a35c9a693a8e6355145fdb05798b73abf2"},
    {file = "aws_cdk.asset_awscli_v1-2.2.16-py3-none-any.whl", hash = "sha256:7a4505a52d35030898232873fc327702ee6455a17c77747f4aaa68f71592a430"},
]
aws-cdk-asset-kubectl-v20 = [
    {file = "aws-cdk.asset-kubectl-v20-2.1.1.tar.gz", hash = "sha256:9834cdb150c5590aea4e5eba6de2a89b4c60617451181c524810c5a75154565c"},
    {file = "aws_cdk.asset_kubectl_v20-2.1.1-py3-none-any.whl", hash = "sha256:a2fad1a5a35a94a465efe60859f91e45dacc33261fb9bbf1cf9bbc6e2f70e9d6"},
]
aws-cdk-asset-node-proxy-agent-v5 = [
    {file = "aws-cdk.asset-node-proxy-agent-v5-2.0.21.tar.gz", hash = "sha256:1874b4861a286edd0d56514f1b1f287deded99a5dd645cb9899f853bbf4b93e0"},
    {file = "aws_cdk.asset_node_proxy_agent_v5-2.0.21-py3-none-any.whl", hash = "sha256:2101bc5da21239a42a4e8f052b4e32c5223e704f71b0de133f12d1fcebfdcd20"},
]
aws-cdk-aws-apprunner-alpha = [
    {file = "aws-cdk.aws-apprunner-alpha-2.51.1a0.tar.gz", hash = "sha256:492414e9f0fd3297e0d6abaca1695669e0d18ed1b452f7aec8b9b187528a95a1"},
    {file = "aws_cdk.aws_apprunner_alpha-2.51.1a0-py3-none-any.whl", hash = "sha256:1b34c9afbce12a7f7e83af9c55f41593d1e3e4edc0d25cba1cb3f44e491b6d1b"},
]
aws-cdk-lib = [
    {file = "aws-cdk-lib-2.51.1.tar.gz", hash = "sha256:35b66c2ed34490470d1917ee61011fbe053ad22cd1521ee34128f2db78bd2a8a"},
    {file = "aws_cdk_lib-2.51.1-py3-none-any.whl", hash = "sha256:721f5477bad042162f5257fd70fae62a1c0fe499b6cbb71c1f27ea17ba988e96"},
]
cattrs = [
    {file = "cattrs-22.2.0-py3-none-any.whl", hash = "sha256:bc12b1f0d000b9f9bee83335887d532a1d3e99a833d1bf0882151c97d3e68c21"},
    {file = "cattrs-22.2.0.tar.gz", hash = "sha256:f0eed5642399423cf656e7b66ce92cdc5b963ecafd041d1b24d136fdde7acf6d"},
]
constructs = [
    {file = "constructs-10.1.168-py3-none-any.whl", hash = "sha256:bf4a3425da2b53249b95d3fcd873b157cc46640478d7a12adfefd87d51ff19e4"},
    {file = "constructs-10.1.168.tar.gz", hash = "sha256:741367c035d6dbb122d4d0821f0927416fbd0276797855d4509af188856c8070"},
]
exceptiongroup = [
    {file = "exceptiongroup-1.0.4-py3-none-any.whl", hash = "sha256:542adf9dea4055530d6e1279602fa5cb11dab2395fa650b8674eaec35fc4a828"},
    {file = "exceptiongroup-1.0.4.tar.gz", hash = "sha256:bd14967b79cd9bdb54d97323216f8fdf533e278df937aa2a90089e7d6e06e5ec"},
]
jsii = [
    {file = "jsii-1.71.0-py3-none-any.whl", hash = "sha256:0f081498d9f2a12850577caedebe604e4b6e98e7fb20c3bbcca05a5ab8bd0f0b"},
    {file = "jsii-1.71.0.tar.gz", hash = "sha256:e8fedaf077c192917f1d43100b2bbb5d107e4393b713f8ca2814d7653d64a026"},
]
publication = [
    {file = "publication-0.0.3-py2.py3-none-any.whl", hash = "sha256:0248885351febc11d8a1098d5c8e3ab2dabcf3e8c0c96db1e17ecd12b53afbe6"},
    {file = "publication-0.0.3.tar.gz", hash = "sha256:68416a0de76dddcdd2930d1c8ef853a743cc96c82416c4e4d3b5d901c6276dc4"},
]
python-dateutil = [
    {file = "python-dateutil-2.8.2.tar.gz", hash = "sha256:0123cacc1627ae19ddf3c27a5de5bd67ee4586fbdd6440d9748f8abb483d3e86"},
    {file = "python_dateutil-2.8.2-py2.py3-none-any.whl", hash = "sha256:961d03dc3453ebbc59dbdea9e4e11c5651520a876d0f4db161e8674aae935da9"},
]
six = [
    {file = "six-1.16.0-py2.py3-none-any.whl", hash = "sha256:8abb2f1d86890a2dfb989f9a77cfcfd3e47c2a354b01111771326f8aa26e0254"},
    {file = "six-1.16.0.tar.gz", hash = "sha256:1e61c37477a1626458e36f7b1d82aa5c9b094fa4802892072e49de9c60c4c926"},
]
typeguard = [
    {file = "typeguard-2.13.3-py3-none-any.whl", hash = "sha256:5e3e3be01e887e7eafae5af63d1f36c849aaa94e3a0112097312aabfa16284f1"},
    {file = "typeguard-2.13.3.tar.gz", hash = "sha256:00edaa8da3a133674796cf5ea87d9f4b4c367d77476e185e80251cc13dfbb8c4"},
]
typing-extensions = [
    {file = "typing_extensions-4.4.0-py3-none-any.whl", hash = "sha256:16fa4864408f655d35ec496218b85f79b3437c829e93320c7c9215ccfd92489e"},
    {file = "typing_extensions-4.4.0.tar.gz", hash = "sha256:1511434bb92bf8dd198c12b1cc812e800d4181cfcb867674e0f8279cc93087aa"},
]
